
Microsoft Visual Studio Solution File, Format Version 12.00
# Visual Studio Version 16
VisualStudioVersion = 16.0.30804.86
MinimumVisualStudioVersion = 10.0.40219.1
Project("{9A19103F-16F7-4668-BE54-9A1E7A4F7556}") = "Lottery Simulation", "Lottery Simulation\Lottery Simulation.csproj", "{6F059C52-2604-431E-A0E2-8B1C525BBF0C}"
EndProject
Project("{2150E333-8FDC-42A3-9474-1A3956D46DE8}") = "Solution Items", "Solution Items", "{83D65BEE-AE20-4CFC-8A58-19F1F756AE2C}"
EndProject
Global
	GlobalSection(SolutionConfigurationPlatforms) = preSolution
		Debug|Any CPU = Debug|Any CPU
		Release|Any CPU = Release|Any CPU
	EndGlobalSection
	GlobalSection(ProjectConfigurationPlatforms) = postSolution
		{6F059C52-2604-431E-A0E2-8B1C525BBF0C}.Debug|Any CPU.ActiveCfg = Debug|Any CPU
		{6F059C52-2604-431E-A0E2-8B1C525BBF0C}.Debug|Any CPU.Build.0 = Debug|Any CPU
		{6F059C52-2604-431E-A0E2-8B1C525BBF0C}.Release|Any CPU.ActiveCfg = Release|Any CPU
		{6F059C52-2604-431E-A0E2-8B1C525BBF0C}.Release|Any CPU.Build.0 = Release|Any CPU
	EndGlobalSection
	GlobalSection(SolutionProperties) = preSolution
		HideSolutionNode = FALSE
	EndGlobalSection
	GlobalSection(ExtensibilityGlobals) = postSolution
		SolutionGuid = {DF89A0DA-2889-41D2-960D-66B2263A201A}
	EndGlobalSection
EndGlobal
